
Microsoft Visual Studio Solution File, Format Version 12.00
# Visual Studio Version 16
VisualStudioVersion = 16.0.32510.428
MinimumVisualStudioVersion = 10.0.40219.1
Project("{9A19103F-16F7-4668-BE54-9A1E7A4F7556}") = "OOP1", "OOP1\OOP1.csproj", "{5A7A1DBD-EDE9-4B9E-AE11-4C6081D4DA0B}"
EndProject
Project("{9A19103F-16F7-4668-BE54-9A1E7A4F7556}") = "Collections", "Collections\Collections.csproj", "{8684A0FD-B1AE-44B3-A236-9BA01CA30E10}"
EndProject
Project("{9A19103F-16F7-4668-BE54-9A1E7A4F7556}") = "GenericsIntro", "GenericsIntro\GenericsIntro.csproj", "{734636D2-3783-4D4F-8456-56ADCF3F6EBC}"
EndProject
Project("{9A19103F-16F7-4668-BE54-9A1E7A4F7556}") = "ReferenceTypes", "ReferenceTypes\ReferenceTypes.csproj", "{BF9F93FC-1681-4BC3-9683-6EB63D6247FC}"
EndProject
Project("{9A19103F-16F7-4668-BE54-9A1E7A4F7556}") = "ReferenceTypes1", "ReferenceTypes1\ReferenceTypes1.csproj", "{739B81B2-1569-4A21-BEAA-DA71E315FA0A}"
EndProject
Project("{9A19103F-16F7-4668-BE54-9A1E7A4F7556}") = "ReferenceTypes2", "ReferenceTypes2\ReferenceTypes2.csproj", "{7EA773B9-7E8E-442B-8D2A-0E35D2485618}"
EndProject
Project("{9A19103F-16F7-4668-BE54-9A1E7A4F7556}") = "Constructors", "Constructors\Constructors.csproj", "{985304BD-9BE8-427D-B06F-F0BFE84CD962}"
EndProject
Project("{9A19103F-16F7-4668-BE54-9A1E7A4F7556}") = "Generics", "Generics\Generics.csproj", "{6D8476E8-E71A-405D-BADE-19C5E33F21F6}"
EndProject
Project("{9A19103F-16F7-4668-BE54-9A1E7A4F7556}") = "Dictionary", "Dictionary\Dictionary.csproj", "{9F337B3F-C74A-4063-9706-DC8DD14C09B4}"
EndProject
Project("{9A19103F-16F7-4668-BE54-9A1E7A4F7556}") = "OOP2", "OOP2\OOP2.csproj", "{5F37222C-6F4F-481D-9D81-E71B3D526E3B}"
EndProject
Project("{9A19103F-16F7-4668-BE54-9A1E7A4F7556}") = "OOP3", "OOP3\OOP3.csproj", "{679FB4B3-CDF2-4E2E-81AD-FFD62F609210}"
EndProject
Project("{FAE04EC0-301F-11D3-BF4B-00C04F79EFBC}") = "InterfaceMustafaMuratCoskun", "InterfaceMustafaMuratCoskun\InterfaceMustafaMuratCoskun.csproj", "{DA539E9A-5276-45DB-9678-214994DC9160}"
EndProject
Global
	GlobalSection(SolutionConfigurationPlatforms) = preSolution
		Debug|Any CPU = Debug|Any CPU
		Release|Any CPU = Release|Any CPU
	EndGlobalSection
	GlobalSection(ProjectConfigurationPlatforms) = postSolution
		{5A7A1DBD-EDE9-4B9E-AE11-4C6081D4DA0B}.Debug|Any CPU.ActiveCfg = Debug|Any CPU
		{5A7A1DBD-EDE9-4B9E-AE11-4C6081D4DA0B}.Debug|Any CPU.Build.0 = Debug|Any CPU
		{5A7A1DBD-EDE9-4B9E-AE11-4C6081D4DA0B}.Release|Any CPU.ActiveCfg = Release|Any CPU
		{5A7A1DBD-EDE9-4B9E-AE11-4C6081D4DA0B}.Release|Any CPU.Build.0 = Release|Any CPU
		{8684A0FD-B1AE-44B3-A236-9BA01CA30E10}.Debug|Any CPU.ActiveCfg = Debug|Any CPU
		{8684A0FD-B1AE-44B3-A236-9BA01CA30E10}.Debug|Any CPU.Build.0 = Debug|Any CPU
		{8684A0FD-B1AE-44B3-A236-9BA01CA30E10}.Release|Any CPU.ActiveCfg = Release|Any CPU
		{8684A0FD-B1AE-44B3-A236-9BA01CA30E10}.Release|Any CPU.Build.0 = Release|Any CPU
		{734636D2-3783-4D4F-8456-56ADCF3F6EBC}.Debug|Any CPU.ActiveCfg = Debug|Any CPU
		{734636D2-3783-4D4F-8456-56ADCF3F6EBC}.Debug|Any CPU.Build.0 = Debug|Any CPU
		{734636D2-3783-4D4F-8456-56ADCF3F6EBC}.Release|Any CPU.ActiveCfg = Release|Any CPU
		{734636D2-3783-4D4F-8456-56ADCF3F6EBC}.Release|Any CPU.Build.0 = Release|Any CPU
		{BF9F93FC-1681-4BC3-9683-6EB63D6247FC}.Debug|Any CPU.ActiveCfg = Debug|Any CPU
		{BF9F93FC-1681-4BC3-9683-6EB63D6247FC}.Debug|Any CPU.Build.0 = Debug|Any CPU
		{BF9F93FC-1681-4BC3-9683-6EB63D6247FC}.Release|Any CPU.ActiveCfg = Release|Any CPU
		{BF9F93FC-1681-4BC3-9683-6EB63D6247FC}.Release|Any CPU.Build.0 = Release|Any CPU
		{739B81B2-1569-4A21-BEAA-DA71E315FA0A}.Debug|Any CPU.ActiveCfg = Debug|Any CPU
		{739B81B2-1569-4A21-BEAA-DA71E315FA0A}.Debug|Any CPU.Build.0 = Debug|Any CPU
		{739B81B2-1569-4A21-BEAA-DA71E315FA0A}.Release|Any CPU.ActiveCfg = Release|Any CPU
		{739B81B2-1569-4A21-BEAA-DA71E315FA0A}.Release|Any CPU.Build.0 = Release|Any CPU
		{7EA773B9-7E8E-442B-8D2A-0E35D2485618}.Debug|Any CPU.ActiveCfg = Debug|Any CPU
		{7EA773B9-7E8E-442B-8D2A-0E35D2485618}.Debug|Any CPU.Build.0 = Debug|Any CPU
		{7EA773B9-7E8E-442B-8D2A-0E35D2485618}.Release|Any CPU.ActiveCfg = Release|Any CPU
		{7EA773B9-7E8E-442B-8D2A-0E35D2485618}.Release|Any CPU.Build.0 = Release|Any CPU
		{985304BD-9BE8-427D-B06F-F0BFE84CD962}.Debug|Any CPU.ActiveCfg = Debug|Any CPU
		{985304BD-9BE8-427D-B06F-F0BFE84CD962}.Debug|Any CPU.Build.0 = Debug|Any CPU
		{985304BD-9BE8-427D-B06F-F0BFE84CD962}.Release|Any CPU.ActiveCfg = Release|Any CPU
		{985304BD-9BE8-427D-B06F-F0BFE84CD962}.Release|Any CPU.Build.0 = Release|Any CPU
		{6D8476E8-E71A-405D-BADE-19C5E33F21F6}.Debug|Any CPU.ActiveCfg = Debug|Any CPU
		{6D8476E8-E71A-405D-BADE-19C5E33F21F6}.Debug|Any CPU.Build.0 = Debug|Any CPU
		{6D8476E8-E71A-405D-BADE-19C5E33F21F6}.Release|Any CPU.ActiveCfg = Release|Any CPU
		{6D8476E8-E71A-405D-BADE-19C5E33F21F6}.Release|Any CPU.Build.0 = Release|Any CPU
		{9F337B3F-C74A-4063-9706-DC8DD14C09B4}.Debug|Any CPU.ActiveCfg = Debug|Any CPU
		{9F337B3F-C74A-4063-9706-DC8DD14C09B4}.Debug|Any CPU.Build.0 = Debug|Any CPU
		{9F337B3F-C74A-4063-9706-DC8DD14C09B4}.Release|Any CPU.ActiveCfg = Release|Any CPU
		{9F337B3F-C74A-4063-9706-DC8DD14C09B4}.Release|Any CPU.Build.0 = Release|Any CPU
		{5F37222C-6F4F-481D-9D81-E71B3D526E3B}.Debug|Any CPU.ActiveCfg = Debug|Any CPU
		{5F37222C-6F4F-481D-9D81-E71B3D526E3B}.Debug|Any CPU.Build.0 = Debug|Any CPU
		{5F37222C-6F4F-481D-9D81-E71B3D526E3B}.Release|Any CPU.ActiveCfg = Release|Any CPU
		{5F37222C-6F4F-481D-9D81-E71B3D526E3B}.Release|Any CPU.Build.0 = Release|Any CPU
		{679FB4B3-CDF2-4E2E-81AD-FFD62F609210}.Debug|Any CPU.ActiveCfg = Debug|Any CPU
		{679FB4B3-CDF2-4E2E-81AD-FFD62F609210}.Debug|Any CPU.Build.0 = Debug|Any CPU
		{679FB4B3-CDF2-4E2E-81AD-FFD62F609210}.Release|Any CPU.ActiveCfg = Release|Any CPU
		{679FB4B3-CDF2-4E2E-81AD-FFD62F609210}.Release|Any CPU.Build.0 = Release|Any CPU
		{DA539E9A-5276-45DB-9678-214994DC9160}.Debug|Any CPU.ActiveCfg = Debug|Any CPU
		{DA539E9A-5276-45DB-9678-214994DC9160}.Debug|Any CPU.Build.0 = Debug|Any CPU
		{DA539E9A-5276-45DB-9678-214994DC9160}.Release|Any CPU.ActiveCfg = Release|Any CPU
		{DA539E9A-5276-45DB-9678-214994DC9160}.Release|Any CPU.Build.0 = Release|Any CPU
	EndGlobalSection
	GlobalSection(SolutionProperties) = preSolution
		HideSolutionNode = FALSE
	EndGlobalSection
	GlobalSection(ExtensibilityGlobals) = postSolution
		SolutionGuid = {B4C9C809-1FC6-487C-B191-66EF4E44B3E2}
	EndGlobalSection
EndGlobal
